
Microsoft Visual Studio Solution File, Format Version 11.00
# Visual Studio 2010
Project("{F2A71F9B-5D33-465A-A702-920D77279786}") = "WoWChieves", "WoWChieves\WoWChieves.fsproj", "{393D3613-4CA2-4345-B266-A76D22D4D213}"
EndProject
Project("{F2A71F9B-5D33-465A-A702-920D77279786}") = "WoWChievesTest", "WoWChievesTest\WoWChievesTest.fsproj", "{1435C064-4ADF-435A-8201-CA8459402B59}"
EndProject
Project("{F2A71F9B-5D33-465A-A702-920D77279786}") = "Database", "Database\Database.fsproj", "{AAA40C4B-630C-406F-87F8-20E2E3E094DE}"
EndProject
Project("{F2A71F9B-5D33-465A-A702-920D77279786}") = "DatabaseTest", "DatabaseTest\DatabaseTest.fsproj", "{C02D87C1-08B1-4029-AAC1-AE01188872CE}"
EndProject
Global
	GlobalSection(SolutionConfigurationPlatforms) = preSolution
		Debug|Any CPU = Debug|Any CPU
		Release|Any CPU = Release|Any CPU
	EndGlobalSection
	GlobalSection(ProjectConfigurationPlatforms) = postSolution
		{393D3613-4CA2-4345-B266-A76D22D4D213}.Debug|Any CPU.ActiveCfg = Debug|Any CPU
		{393D3613-4CA2-4345-B266-A76D22D4D213}.Debug|Any CPU.Build.0 = Debug|Any CPU
		{393D3613-4CA2-4345-B266-A76D22D4D213}.Release|Any CPU.ActiveCfg = Release|Any CPU
		{393D3613-4CA2-4345-B266-A76D22D4D213}.Release|Any CPU.Build.0 = Release|Any CPU
		{1435C064-4ADF-435A-8201-CA8459402B59}.Debug|Any CPU.ActiveCfg = Debug|Any CPU
		{1435C064-4ADF-435A-8201-CA8459402B59}.Debug|Any CPU.Build.0 = Debug|Any CPU
		{1435C064-4ADF-435A-8201-CA8459402B59}.Release|Any CPU.ActiveCfg = Release|Any CPU
		{1435C064-4ADF-435A-8201-CA8459402B59}.Release|Any CPU.Build.0 = Release|Any CPU
		{AAA40C4B-630C-406F-87F8-20E2E3E094DE}.Debug|Any CPU.ActiveCfg = Debug|Any CPU
		{AAA40C4B-630C-406F-87F8-20E2E3E094DE}.Debug|Any CPU.Build.0 = Debug|Any CPU
		{AAA40C4B-630C-406F-87F8-20E2E3E094DE}.Release|Any CPU.ActiveCfg = Release|Any CPU
		{AAA40C4B-630C-406F-87F8-20E2E3E094DE}.Release|Any CPU.Build.0 = Release|Any CPU
		{C02D87C1-08B1-4029-AAC1-AE01188872CE}.Debug|Any CPU.ActiveCfg = Debug|Any CPU
		{C02D87C1-08B1-4029-AAC1-AE01188872CE}.Debug|Any CPU.Build.0 = Debug|Any CPU
		{C02D87C1-08B1-4029-AAC1-AE01188872CE}.Release|Any CPU.ActiveCfg = Release|Any CPU
		{C02D87C1-08B1-4029-AAC1-AE01188872CE}.Release|Any CPU.Build.0 = Release|Any CPU
	EndGlobalSection
	GlobalSection(SolutionProperties) = preSolution
		HideSolutionNode = FALSE
	EndGlobalSection
EndGlobal
